# This file is autogenerated, do not edit; changes may be undone by the next 'dep ensure'.


[[projects]]
  name = "github.com/Sirupsen/logrus"
  packages = ["."]
  revision = "f006c2ac4710855cf0f916dd6b77acf6b048dc6e"
  version = "v1.0.3"

[[projects]]
  name = "github.com/sdboyer/dep-test"
  packages = ["."]
  revision = "2a3a211e171803acb82d1d5d42ceb53228f51751"
  version = "1.0.0"

[[projects]]
  name = "github.com/sdboyer/deptest"
  packages = ["."]
  revision = "ff2948a2ac8f538c4ecd55962e919d1e13e74baf"
  version = "v1.0.0"

[[projects]]
  name = "github.com/sdboyer/deptestdos"
  packages = ["."]
  revision = "5c607206be5decd28e6263ffffdcee067266015e"
  version = "v2.0.0"

[[projects]]
  branch = "master"
  name = "golang.org/x/crypto"
  packages = ["ssh/terminal"]
  revision = "bd6f299fb381e4c3393d1c4b1f0b94f5e77650c8"

[[projects]]
  branch = "master"
  name = "golang.org/x/sys"
  packages = ["unix","windows"]
  revision = "95c6576299259db960f6c5b9b69ea52422860fce"

[solve-meta]
  analyzer-name = "dep"
  analyzer-version = 1
  inputs-digest = "8ba8446712ea666286469188b93f9956b312d4279ece10661d7aa2964720b349"
  solver-name = "gps-cdcl"
  solver-version = 1
